
Microsoft Visual Studio Solution File, Format Version 12.00
# Visual Studio Version 16
VisualStudioVersion = 16.0.30611.23
MinimumVisualStudioVersion = 10.0.40219.1
Project("{FAE04EC0-301F-11D3-BF4B-00C04F79EFBC}") = "LineComparisionProblem", "LineComparisionProblem\LineComparisionProblem.csproj", "{A7BDA2A2-7229-4212-B140-0C4F730B99B3}"
EndProject
Global
	GlobalSection(SolutionConfigurationPlatforms) = preSolution
		Debug|Any CPU = Debug|Any CPU
		Release|Any CPU = Release|Any CPU
	EndGlobalSection
	GlobalSection(ProjectConfigurationPlatforms) = postSolution
		{A7BDA2A2-7229-4212-B140-0C4F730B99B3}.Debug|Any CPU.ActiveCfg = Debug|Any CPU
		{A7BDA2A2-7229-4212-B140-0C4F730B99B3}.Debug|Any CPU.Build.0 = Debug|Any CPU
		{A7BDA2A2-7229-4212-B140-0C4F730B99B3}.Release|Any CPU.ActiveCfg = Release|Any CPU
		{A7BDA2A2-7229-4212-B140-0C4F730B99B3}.Release|Any CPU.Build.0 = Release|Any CPU
	EndGlobalSection
	GlobalSection(SolutionProperties) = preSolution
		HideSolutionNode = FALSE
	EndGlobalSection
	GlobalSection(ExtensibilityGlobals) = postSolution
		SolutionGuid = {835C5AC1-4AB5-45CB-8B14-0AB0334F4287}
	EndGlobalSection
EndGlobal
